{
  "nodes": {
    "nixpkgs": {
      "locked": {
        "lastModified": 1615926763,
        "narHash": "sha256-yeq8A3EPNuQVlsxlEQrIRsklfJwJK0Us6jtcG/u8wNs=",
        "owner": "NixOS",
        "repo": "nixpkgs",
        "rev": "b702a56d417647de4090ac56c0f18bdc7e646610",
        "type": "github"
      },
      "original": {
        "id": "nixpkgs",
        "type": "indirect"
      }
    },
    "root": {
      "inputs": {
        "nixpkgs": "nixpkgs",
        "utils": "utils"
      }
    },
    "utils": {
      "locked": {
        "lastModified": 1614513358,
        "narHash": "sha256-LakhOx3S1dRjnh0b5Dg3mbZyH0ToC9I8Y2wKSkBaTzU=",
        "owner": "numtide",
        "repo": "flake-utils",
        "rev": "5466c5bbece17adaab2d82fae80b46e807611bf3",
        "type": "github"
      },
      "original": {
        "owner": "numtide",
        "repo": "flake-utils",
        "type": "github"
      }
    }
  },
  "root": "root",
  "version": 7
}
